
Microsoft Visual Studio Solution File, Format Version 12.00
Project("{FAE04EC0-301F-11D3-BF4B-00C04F79EFBC}") = "AdvancedCombo", "AdvancedCombo\AdvancedCombo.csproj", "{9EEB7222-83F7-40FE-8B4C-AEC5DA76AA19}"
EndProject
Global
	GlobalSection(SolutionConfigurationPlatforms) = preSolution
		Debug|Any CPU = Debug|Any CPU
		Release|Any CPU = Release|Any CPU
	EndGlobalSection
	GlobalSection(ProjectConfigurationPlatforms) = postSolution
		{9EEB7222-83F7-40FE-8B4C-AEC5DA76AA19}.Debug|Any CPU.ActiveCfg = Debug|Any CPU
		{9EEB7222-83F7-40FE-8B4C-AEC5DA76AA19}.Debug|Any CPU.Build.0 = Debug|Any CPU
		{9EEB7222-83F7-40FE-8B4C-AEC5DA76AA19}.Release|Any CPU.ActiveCfg = Release|Any CPU
		{9EEB7222-83F7-40FE-8B4C-AEC5DA76AA19}.Release|Any CPU.Build.0 = Release|Any CPU
	EndGlobalSection
EndGlobal
